PODS:
  - UIComponentWithNavigation (0.1.0)

DEPENDENCIES:
  - UIComponentWithNavigation (from `../`)

EXTERNAL SOURCES:
  UIComponentWithNavigation:
    :path: "../"

SPEC CHECKSUMS:
  UIComponentWithNavigation: 4d1ef6bffa00185bb3dc2bedbb8222a5ca469d47

PODFILE CHECKSUM: e2dd0283464897b1d9b4d1890dd4aa2cdf71a9a6

COCOAPODS: 1.15.2
